// !$*UTF8*$!
{
	archiveVersion = 1;
	classes = {
	};
	objectVersion = 52;
	objects = {

/* Begin PBXBuildFile section */
		2E74018B26B36E37006688B8 /* AppDelegate.swift in Sources */ = {isa = PBXBuildFile; fileRef = 2E74018A26B36E37006688B8 /* AppDelegate.swift */; };
		2E74018D26B36E37006688B8 /* SceneDelegate.swift in Sources */ = {isa = PBXBuildFile; fileRef = 2E74018C26B36E37006688B8 /* SceneDelegate.swift */; };
		2E74018F26B36E37006688B8 /* ViewController.swift in Sources */ = {isa = PBXBuildFile; fileRef = 2E74018E26B36E37006688B8 /* ViewController.swift */; };
		2E74019226B36E37006688B8 /* Main.storyboard in Resources */ = {isa = PBXBuildFile; fileRef = 2E74019026B36E37006688B8 /* Main.storyboard */; };
		2E74019426B36E3B006688B8 /* Assets.xcassets in Resources */ = {isa = PBXBuildFile; fileRef = 2E74019326B36E3B006688B8 /* Assets.xcassets */; };
		2E74019726B36E3B006688B8 /* LaunchScreen.storyboard in Resources */ = {isa = PBXBuildFile; fileRef = 2E74019526B36E3B006688B8 /* LaunchScreen.storyboard */; };
		4032858928904A9E0047583A /* FirebaseAuth in Frameworks */ = {isa = PBXBuildFile; productRef = 4032858828904A9E0047583A /* FirebaseAuth */; };
		4032858B28904A9E0047583A /* FirebaseDatabase in Frameworks */ = {isa = PBXBuildFile; productRef = 4032858A28904A9E0047583A /* FirebaseDatabase */; };
		4032858D28904A9E0047583A /* FirebaseDatabaseSwift in Frameworks */ = {isa = PBXBuildFile; productRef = 4032858C28904A9E0047583A /* FirebaseDatabaseSwift */; };
		4032858F28904A9E0047583A /* FirebaseFirestore in Frameworks */ = {isa = PBXBuildFile; productRef = 4032858E28904A9E0047583A /* FirebaseFirestore */; };
		4032859128904A9E0047583A /* FirebaseFirestoreSwift in Frameworks */ = {isa = PBXBuildFile; productRef = 4032859028904A9E0047583A /* FirebaseFirestoreSwift */; };
		4032859328904A9E0047583A /* FirebaseFunctions in Frameworks */ = {isa = PBXBuildFile; productRef = 4032859228904A9E0047583A /* FirebaseFunctions */; };
		4032859528904A9E0047583A /* FirebaseStorage in Frameworks */ = {isa = PBXBuildFile; productRef = 4032859428904A9E0047583A /* FirebaseStorage */; };
		40328597289052980047583A /* GoogleService-Info.plist in Resources */ = {isa = PBXBuildFile; fileRef = 40328596289052980047583A /* GoogleService-Info.plist */; };
		C3A0350628945DD200E557C4 /* FirebaseAuth in Frameworks */ = {isa = PBXBuildFile; productRef = C3A0350528945DD200E557C4 /* FirebaseAuth */; };
		C3A0350828945DD200E557C4 /* FirebaseAuthCombine-Community in Frameworks */ = {isa = PBXBuildFile; productRef = C3A0350728945DD200E557C4 /* FirebaseAuthCombine-Community */; };
		C3A0350A28945DD200E557C4 /* FirebaseDatabase in Frameworks */ = {isa = PBXBuildFile; productRef = C3A0350928945DD200E557C4 /* FirebaseDatabase */; };
		C3A0350C28945DD200E557C4 /* FirebaseDatabaseSwift in Frameworks */ = {isa = PBXBuildFile; productRef = C3A0350B28945DD200E557C4 /* FirebaseDatabaseSwift */; };
		C3A0350E28945DD200E557C4 /* FirebaseFirestore in Frameworks */ = {isa = PBXBuildFile; productRef = C3A0350D28945DD200E557C4 /* FirebaseFirestore */; };
		C3A0351028945DD200E557C4 /* FirebaseFirestoreCombine-Community in Frameworks */ = {isa = PBXBuildFile; productRef = C3A0350F28945DD200E557C4 /* FirebaseFirestoreCombine-Community */; };
		C3A0351228945DD200E557C4 /* FirebaseFirestoreSwift in Frameworks */ = {isa = PBXBuildFile; productRef = C3A0351128945DD200E557C4 /* FirebaseFirestoreSwift */; };
		C3A0351428945DD200E557C4 /* FirebaseFunctions in Frameworks */ = {isa = PBXBuildFile; productRef = C3A0351328945DD200E557C4 /* FirebaseFunctions */; };
		C3A0351628945DD200E557C4 /* FirebaseStorage in Frameworks */ = {isa = PBXBuildFile; productRef = C3A0351528945DD200E557C4 /* FirebaseStorage */; };
		C3A0351828945DD200E557C4 /* FirebaseStorageCombine-Community in Frameworks */ = {isa = PBXBuildFile; productRef = C3A0351728945DD200E557C4 /* FirebaseStorageCombine-Community */; };
/* End PBXBuildFile section */

/* Begin PBXFileReference section */
		2E74018726B36E37006688B8 /* TicTacToe.app */ = {isa = PBXFileReference; explicitFileType = wrapper.application; includeInIndex = 0; path = TicTacToe.app; sourceTree = BUILT_PRODUCTS_DIR; };
		2E74018A26B36E37006688B8 /* AppDelegate.swift */ = {isa = PBXFileReference; lastKnownFileType = sourcecode.swift; path = AppDelegate.swift; sourceTree = "<group>"; };
		2E74018C26B36E37006688B8 /* SceneDelegate.swift */ = {isa = PBXFileReference; lastKnownFileType = sourcecode.swift; path = SceneDelegate.swift; sourceTree = "<group>"; };
		2E74018E26B36E37006688B8 /* ViewController.swift */ = {isa = PBXFileReference; lastKnownFileType = sourcecode.swift; path = ViewController.swift; sourceTree = "<group>"; };
		2E74019126B36E37006688B8 /* Base */ = {isa = PBXFileReference; lastKnownFileType = file.storyboard; name = Base; path = Base.lproj/Main.storyboard; sourceTree = "<group>"; };
		2E74019326B36E3B006688B8 /* Assets.xcassets */ = {isa = PBXFileReference; lastKnownFileType = folder.assetcatalog; path = Assets.xcassets; sourceTree = "<group>"; };
		2E74019626B36E3B006688B8 /* Base */ = {isa = PBXFileReference; lastKnownFileType = file.storyboard; name = Base; path = Base.lproj/LaunchScreen.storyboard; sourceTree = "<group>"; };
		2E74019826B36E3B006688B8 /* Info.plist */ = {isa = PBXFileReference; lastKnownFileType = text.plist.xml; path = Info.plist; sourceTree = "<group>"; };
		40328596289052980047583A /* GoogleService-Info.plist */ = {isa = PBXFileReference; fileEncoding = 4; lastKnownFileType = text.plist.xml; path = "GoogleService-Info.plist"; sourceTree = "<group>"; };
/* End PBXFileReference section */

/* Begin PBXFrameworksBuildPhase section */
		2E74018426B36E37006688B8 /* Frameworks */ = {
			isa = PBXFrameworksBuildPhase;
			buildActionMask = 2147483647;
			files = (
				C3A0351028945DD200E557C4 /* FirebaseFirestoreCombine-Community in Frameworks */,
				C3A0350A28945DD200E557C4 /* FirebaseDatabase in Frameworks */,
				4032859128904A9E0047583A /* FirebaseFirestoreSwift in Frameworks */,
				C3A0351228945DD200E557C4 /* FirebaseFirestoreSwift in Frameworks */,
				C3A0350828945DD200E557C4 /* FirebaseAuthCombine-Community in Frameworks */,
				C3A0351628945DD200E557C4 /* FirebaseStorage in Frameworks */,
				C3A0351828945DD200E557C4 /* FirebaseStorageCombine-Community in Frameworks */,
				4032858D28904A9E0047583A /* FirebaseDatabaseSwift in Frameworks */,
				4032858F28904A9E0047583A /* FirebaseFirestore in Frameworks */,
				C3A0350E28945DD200E557C4 /* FirebaseFirestore in Frameworks */,
				4032859328904A9E0047583A /* FirebaseFunctions in Frameworks */,
				4032859528904A9E0047583A /* FirebaseStorage in Frameworks */,
				4032858B28904A9E0047583A /* FirebaseDatabase in Frameworks */,
				C3A0350C28945DD200E557C4 /* FirebaseDatabaseSwift in Frameworks */,
				C3A0351428945DD200E557C4 /* FirebaseFunctions in Frameworks */,
				4032858928904A9E0047583A /* FirebaseAuth in Frameworks */,
				C3A0350628945DD200E557C4 /* FirebaseAuth in Frameworks */,
			);
			runOnlyForDeploymentPostprocessing = 0;
		};
/* End PBXFrameworksBuildPhase section */

/* Begin PBXGroup section */
		2E74017E26B36E37006688B8 = {
			isa = PBXGroup;
			children = (
				2E74018926B36E37006688B8 /* TicTacToe */,
				2E74018826B36E37006688B8 /* Products */,
			);
			sourceTree = "<group>";
		};
		2E74018826B36E37006688B8 /* Products */ = {
			isa = PBXGroup;
			children = (
				2E74018726B36E37006688B8 /* TicTacToe.app */,
			);
			name = Products;
			sourceTree = "<group>";
		};
		2E74018926B36E37006688B8 /* TicTacToe */ = {
			isa = PBXGroup;
			children = (
				2E74018A26B36E37006688B8 /* AppDelegate.swift */,
				2E74018C26B36E37006688B8 /* SceneDelegate.swift */,
				2E74018E26B36E37006688B8 /* ViewController.swift */,
				40328596289052980047583A /* GoogleService-Info.plist */,
				2E74019026B36E37006688B8 /* Main.storyboard */,
				2E74019326B36E3B006688B8 /* Assets.xcassets */,
				2E74019526B36E3B006688B8 /* LaunchScreen.storyboard */,
				2E74019826B36E3B006688B8 /* Info.plist */,
			);
			path = TicTacToe;
			sourceTree = "<group>";
		};
/* End PBXGroup section */

/* Begin PBXNativeTarget section */
		2E74018626B36E37006688B8 /* TicTacToe */ = {
			isa = PBXNativeTarget;
			buildConfigurationList = 2E74019B26B36E3B006688B8 /* Build configuration list for PBXNativeTarget "TicTacToe" */;
			buildPhases = (
				2E74018326B36E37006688B8 /* Sources */,
				2E74018426B36E37006688B8 /* Frameworks */,
				2E74018526B36E37006688B8 /* Resources */,
			);
			buildRules = (
			);
			dependencies = (
			);
			name = TicTacToe;
			packageProductDependencies = (
				4032858828904A9E0047583A /* FirebaseAuth */,
				4032858A28904A9E0047583A /* FirebaseDatabase */,
				4032858C28904A9E0047583A /* FirebaseDatabaseSwift */,
				4032858E28904A9E0047583A /* FirebaseFirestore */,
				4032859028904A9E0047583A /* FirebaseFirestoreSwift */,
				4032859228904A9E0047583A /* FirebaseFunctions */,
				4032859428904A9E0047583A /* FirebaseStorage */,
				C3A0350528945DD200E557C4 /* FirebaseAuth */,
				C3A0350728945DD200E557C4 /* FirebaseAuthCombine-Community */,
				C3A0350928945DD200E557C4 /* FirebaseDatabase */,
				C3A0350B28945DD200E557C4 /* FirebaseDatabaseSwift */,
				C3A0350D28945DD200E557C4 /* FirebaseFirestore */,
				C3A0350F28945DD200E557C4 /* FirebaseFirestoreCombine-Community */,
				C3A0351128945DD200E557C4 /* FirebaseFirestoreSwift */,
				C3A0351328945DD200E557C4 /* FirebaseFunctions */,
				C3A0351528945DD200E557C4 /* FirebaseStorage */,
				C3A0351728945DD200E557C4 /* FirebaseStorageCombine-Community */,
			);
			productName = TicTacToe;
			productReference = 2E74018726B36E37006688B8 /* TicTacToe.app */;
			productType = "com.apple.product-type.application";
		};
/* End PBXNativeTarget section */

/* Begin PBXProject section */
		2E74017F26B36E37006688B8 /* Project object */ = {
			isa = PBXProject;
			attributes = {
				LastSwiftUpdateCheck = 1240;
				LastUpgradeCheck = 1240;
				TargetAttributes = {
					2E74018626B36E37006688B8 = {
						CreatedOnToolsVersion = 12.4;
					};
				};
			};
			buildConfigurationList = 2E74018226B36E37006688B8 /* Build configuration list for PBXProject "TicTacToe" */;
			compatibilityVersion = "Xcode 9.3";
			developmentRegion = en;
			hasScannedForEncodings = 0;
			knownRegions = (
				en,
				Base,
			);
			mainGroup = 2E74017E26B36E37006688B8;
			packageReferences = (
				4032858728904A9E0047583A /* XCRemoteSwiftPackageReference "firebase-ios-sdk" */,
				C3A0350428945DD200E557C4 /* XCRemoteSwiftPackageReference "firebase-ios-sdk" */,
			);
			productRefGroup = 2E74018826B36E37006688B8 /* Products */;
			projectDirPath = "";
			projectRoot = "";
			targets = (
				2E74018626B36E37006688B8 /* TicTacToe */,
			);
		};
/* End PBXProject section */

/* Begin PBXResourcesBuildPhase section */
		2E74018526B36E37006688B8 /* Resources */ = {
			isa = PBXResourcesBuildPhase;
			buildActionMask = 2147483647;
			files = (
				2E74019726B36E3B006688B8 /* LaunchScreen.storyboard in Resources */,
				40328597289052980047583A /* GoogleService-Info.plist in Resources */,
				2E74019426B36E3B006688B8 /* Assets.xcassets in Resources */,
				2E74019226B36E37006688B8 /* Main.storyboard in Resources */,
			);
			runOnlyForDeploymentPostprocessing = 0;
		};
/* End PBXResourcesBuildPhase section */

/* Begin PBXSourcesBuildPhase section */
		2E74018326B36E37006688B8 /* Sources */ = {
			isa = PBXSourcesBuildPhase;
			buildActionMask = 2147483647;
			files = (
				2E74018F26B36E37006688B8 /* ViewController.swift in Sources */,
				2E74018B26B36E37006688B8 /* AppDelegate.swift in Sources */,
				2E74018D26B36E37006688B8 /* SceneDelegate.swift in Sources */,
			);
			runOnlyForDeploymentPostprocessing = 0;
		};
/* End PBXSourcesBuildPhase section */

/* Begin PBXVariantGroup section */
		2E74019026B36E37006688B8 /* Main.storyboard */ = {
			isa = PBXVariantGroup;
			children = (
				2E74019126B36E37006688B8 /* Base */,
			);
			name = Main.storyboard;
			sourceTree = "<group>";
		};
		2E74019526B36E3B006688B8 /* LaunchScreen.storyboard */ = {
			isa = PBXVariantGroup;
			children = (
				2E74019626B36E3B006688B8 /* Base */,
			);
			name = LaunchScreen.storyboard;
			sourceTree = "<group>";
		};
/* End PBXVariantGroup section */

/* Begin XCBuildConfiguration section */
		2E74019926B36E3B006688B8 /* Debug */ = {
			isa = XCBuildConfiguration;
			buildSettings = {
				ALWAYS_SEARCH_USER_PATHS = NO;
				CLANG_ANALYZER_NONNULL = YES;
				CLANG_ANALYZER_NUMBER_OBJECT_CONVERSION = YES_AGGRESSIVE;
				CLANG_CXX_LANGUAGE_STANDARD = "gnu++14";
				CLANG_CXX_LIBRARY = "libc++";
				CLANG_ENABLE_MODULES = YES;
				CLANG_ENABLE_OBJC_ARC = YES;
				CLANG_ENABLE_OBJC_WEAK = YES;
				CLANG_WARN_BLOCK_CAPTURE_AUTORELEASING = YES;
				CLANG_WARN_BOOL_CONVERSION = YES;
				CLANG_WARN_COMMA = YES;
				CLANG_WARN_CONSTANT_CONVERSION = YES;
				CLANG_WARN_DEPRECATED_OBJC_IMPLEMENTATIONS = YES;
				CLANG_WARN_DIRECT_OBJC_ISA_USAGE = YES_ERROR;
				CLANG_WARN_DOCUMENTATION_COMMENTS = YES;
				CLANG_WARN_EMPTY_BODY = YES;
				CLANG_WARN_ENUM_CONVERSION = YES;
				CLANG_WARN_INFINITE_RECURSION = YES;
				CLANG_WARN_INT_CONVERSION = YES;
				CLANG_WARN_NON_LITERAL_NULL_CONVERSION = YES;
				CLANG_WARN_OBJC_IMPLICIT_RETAIN_SELF = YES;
				CLANG_WARN_OBJC_LITERAL_CONVERSION = YES;
				CLANG_WARN_OBJC_ROOT_CLASS = YES_ERROR;
				CLANG_WARN_QUOTED_INCLUDE_IN_FRAMEWORK_HEADER = YES;
				CLANG_WARN_RANGE_LOOP_ANALYSIS = YES;
				CLANG_WARN_STRICT_PROTOTYPES = YES;
				CLANG_WARN_SUSPICIOUS_MOVE = YES;
				CLANG_WARN_UNGUARDED_AVAILABILITY = YES_AGGRESSIVE;
				CLANG_WARN_UNREACHABLE_CODE = YES;
				CLANG_WARN__DUPLICATE_METHOD_MATCH = YES;
				COPY_PHASE_STRIP = NO;
				DEBUG_INFORMATION_FORMAT = dwarf;
				ENABLE_STRICT_OBJC_MSGSEND = YES;
				ENABLE_TESTABILITY = YES;
				GCC_C_LANGUAGE_STANDARD = gnu11;
				GCC_DYNAMIC_NO_PIC = NO;
				GCC_NO_COMMON_BLOCKS = YES;
				GCC_OPTIMIZATION_LEVEL = 0;
				GCC_PREPROCESSOR_DEFINITIONS = (
					"DEBUG=1",
					"$(inherited)",
				);
				GCC_WARN_64_TO_32_BIT_CONVERSION = YES;
				GCC_WARN_ABOUT_RETURN_TYPE = YES_ERROR;
				GCC_WARN_UNDECLARED_SELECTOR = YES;
				GCC_WARN_UNINITIALIZED_AUTOS = YES_AGGRESSIVE;
				GCC_WARN_UNUSED_FUNCTION = YES;
				GCC_WARN_UNUSED_VARIABLE = YES;
				IPHONEOS_DEPLOYMENT_TARGET = 14.4;
				MTL_ENABLE_DEBUG_INFO = INCLUDE_SOURCE;
				MTL_FAST_MATH = YES;
				ONLY_ACTIVE_ARCH = YES;
				SDKROOT = iphoneos;
				SWIFT_ACTIVE_COMPILATION_CONDITIONS = DEBUG;
				SWIFT_OPTIMIZATION_LEVEL = "-Onone";
			};
			name = Debug;
		};
		2E74019A26B36E3B006688B8 /* Release */ = {
			isa = XCBuildConfiguration;
			buildSettings = {
				ALWAYS_SEARCH_USER_PATHS = NO;
				CLANG_ANALYZER_NONNULL = YES;
				CLANG_ANALYZER_NUMBER_OBJECT_CONVERSION = YES_AGGRESSIVE;
				CLANG_CXX_LANGUAGE_STANDARD = "gnu++14";
				CLANG_CXX_LIBRARY = "libc++";
				CLANG_ENABLE_MODULES = YES;
				CLANG_ENABLE_OBJC_ARC = YES;
				CLANG_ENABLE_OBJC_WEAK = YES;
				CLANG_WARN_BLOCK_CAPTURE_AUTORELEASING = YES;
				CLANG_WARN_BOOL_CONVERSION = YES;
				CLANG_WARN_COMMA = YES;
				CLANG_WARN_CONSTANT_CONVERSION = YES;
				CLANG_WARN_DEPRECATED_OBJC_IMPLEMENTATIONS = YES;
				CLANG_WARN_DIRECT_OBJC_ISA_USAGE = YES_ERROR;
				CLANG_WARN_DOCUMENTATION_COMMENTS = YES;
				CLANG_WARN_EMPTY_BODY = YES;
				CLANG_WARN_ENUM_CONVERSION = YES;
				CLANG_WARN_INFINITE_RECURSION = YES;
				CLANG_WARN_INT_CONVERSION = YES;
				CLANG_WARN_NON_LITERAL_NULL_CONVERSION = YES;
				CLANG_WARN_OBJC_IMPLICIT_RETAIN_SELF = YES;
				CLANG_WARN_OBJC_LITERAL_CONVERSION = YES;
				CLANG_WARN_OBJC_ROOT_CLASS = YES_ERROR;
				CLANG_WARN_QUOTED_INCLUDE_IN_FRAMEWORK_HEADER = YES;
				CLANG_WARN_RANGE_LOOP_ANALYSIS = YES;
				CLANG_WARN_STRICT_PROTOTYPES = YES;
				CLANG_WARN_SUSPICIOUS_MOVE = YES;
				CLANG_WARN_UNGUARDED_AVAILABILITY = YES_AGGRESSIVE;
				CLANG_WARN_UNREACHABLE_CODE = YES;
				CLANG_WARN__DUPLICATE_METHOD_MATCH = YES;
				COPY_PHASE_STRIP = NO;
				DEBUG_INFORMATION_FORMAT = "dwarf-with-dsym";
				ENABLE_NS_ASSERTIONS = NO;
				ENABLE_STRICT_OBJC_MSGSEND = YES;
				GCC_C_LANGUAGE_STANDARD = gnu11;
				GCC_NO_COMMON_BLOCKS = YES;
				GCC_WARN_64_TO_32_BIT_CONVERSION = YES;
				GCC_WARN_ABOUT_RETURN_TYPE = YES_ERROR;
				GCC_WARN_UNDECLARED_SELECTOR = YES;
				GCC_WARN_UNINITIALIZED_AUTOS = YES_AGGRESSIVE;
				GCC_WARN_UNUSED_FUNCTION = YES;
				GCC_WARN_UNUSED_VARIABLE = YES;
				IPHONEOS_DEPLOYMENT_TARGET = 14.4;
				MTL_ENABLE_DEBUG_INFO = NO;
				MTL_FAST_MATH = YES;
				SDKROOT = iphoneos;
				SWIFT_COMPILATION_MODE = wholemodule;
				SWIFT_OPTIMIZATION_LEVEL = "-O";
				VALIDATE_PRODUCT = YES;
			};
			name = Release;
		};
		2E74019C26B36E3B006688B8 /* Debug */ = {
			isa = XCBuildConfiguration;
			buildSettings = {
				ASSETCATALOG_COMPILER_APPICON_NAME = AppIcon;
				ASSETCATALOG_COMPILER_GLOBAL_ACCENT_COLOR_NAME = AccentColor;
				CODE_SIGN_STYLE = Automatic;
				DEVELOPMENT_TEAM = B3SEC78SH4;
				INFOPLIST_FILE = TicTacToe/Info.plist;
				LD_RUNPATH_SEARCH_PATHS = (
					"$(inherited)",
					"@executable_path/Frameworks",
				);
				PRODUCT_BUNDLE_IDENTIFIER = code.with.cal.TicTacToe;
				PRODUCT_NAME = "$(TARGET_NAME)";
				SWIFT_VERSION = 5.0;
				TARGETED_DEVICE_FAMILY = "1,2";
			};
			name = Debug;
		};
		2E74019D26B36E3B006688B8 /* Release */ = {
			isa = XCBuildConfiguration;
			buildSettings = {
				ASSETCATALOG_COMPILER_APPICON_NAME = AppIcon;
				ASSETCATALOG_COMPILER_GLOBAL_ACCENT_COLOR_NAME = AccentColor;
				CODE_SIGN_STYLE = Automatic;
				DEVELOPMENT_TEAM = B3SEC78SH4;
				INFOPLIST_FILE = TicTacToe/Info.plist;
				LD_RUNPATH_SEARCH_PATHS = (
					"$(inherited)",
					"@executable_path/Frameworks",
				);
				PRODUCT_BUNDLE_IDENTIFIER = code.with.cal.TicTacToe;
				PRODUCT_NAME = "$(TARGET_NAME)";
				SWIFT_VERSION = 5.0;
				TARGETED_DEVICE_FAMILY = "1,2";
			};
			name = Release;
		};
/* End XCBuildConfiguration section */

/* Begin XCConfigurationList section */
		2E74018226B36E37006688B8 /* Build configuration list for PBXProject "TicTacToe" */ = {
			isa = XCConfigurationList;
			buildConfigurations = (
				2E74019926B36E3B006688B8 /* Debug */,
				2E74019A26B36E3B006688B8 /* Release */,
			);
			defaultConfigurationIsVisible = 0;
			defaultConfigurationName = Release;
		};
		2E74019B26B36E3B006688B8 /* Build configuration list for PBXNativeTarget "TicTacToe" */ = {
			isa = XCConfigurationList;
			buildConfigurations = (
				2E74019C26B36E3B006688B8 /* Debug */,
				2E74019D26B36E3B006688B8 /* Release */,
			);
			defaultConfigurationIsVisible = 0;
			defaultConfigurationName = Release;
		};
/* End XCConfigurationList section */

/* Begin XCRemoteSwiftPackageReference section */
		4032858728904A9E0047583A /* XCRemoteSwiftPackageReference "firebase-ios-sdk" */ = {
			isa = XCRemoteSwiftPackageReference;
			repositoryURL = "https://github.com/firebase/firebase-ios-sdk";
			requirement = {
				kind = upToNextMajorVersion;
				minimumVersion = 9.0.0;
			};
		};
		C3A0350428945DD200E557C4 /* XCRemoteSwiftPackageReference "firebase-ios-sdk" */ = {
			isa = XCRemoteSwiftPackageReference;
			repositoryURL = "https://github.com/firebase/firebase-ios-sdk.git";
			requirement = {
				branch = master;
				kind = branch;
			};
		};
/* End XCRemoteSwiftPackageReference section */

/* Begin XCSwiftPackageProductDependency section */
		4032858828904A9E0047583A /* FirebaseAuth */ = {
			isa = XCSwiftPackageProductDependency;
			package = 4032858728904A9E0047583A /* XCRemoteSwiftPackageReference "firebase-ios-sdk" */;
			productName = FirebaseAuth;
		};
		4032858A28904A9E0047583A /* FirebaseDatabase */ = {
			isa = XCSwiftPackageProductDependency;
			package = 4032858728904A9E0047583A /* XCRemoteSwiftPackageReference "firebase-ios-sdk" */;
			productName = FirebaseDatabase;
		};
		4032858C28904A9E0047583A /* FirebaseDatabaseSwift */ = {
			isa = XCSwiftPackageProductDependency;
			package = 4032858728904A9E0047583A /* XCRemoteSwiftPackageReference "firebase-ios-sdk" */;
			productName = FirebaseDatabaseSwift;
		};
		4032858E28904A9E0047583A /* FirebaseFirestore */ = {
			isa = XCSwiftPackageProductDependency;
			package = 4032858728904A9E0047583A /* XCRemoteSwiftPackageReference "firebase-ios-sdk" */;
			productName = FirebaseFirestore;
		};
		4032859028904A9E0047583A /* FirebaseFirestoreSwift */ = {
			isa = XCSwiftPackageProductDependency;
			package = 4032858728904A9E0047583A /* XCRemoteSwiftPackageReference "firebase-ios-sdk" */;
			productName = FirebaseFirestoreSwift;
		};
		4032859228904A9E0047583A /* FirebaseFunctions */ = {
			isa = XCSwiftPackageProductDependency;
			package = 4032858728904A9E0047583A /* XCRemoteSwiftPackageReference "firebase-ios-sdk" */;
			productName = FirebaseFunctions;
		};
		4032859428904A9E0047583A /* FirebaseStorage */ = {
			isa = XCSwiftPackageProductDependency;
			package = 4032858728904A9E0047583A /* XCRemoteSwiftPackageReference "firebase-ios-sdk" */;
			productName = FirebaseStorage;
		};
		C3A0350528945DD200E557C4 /* FirebaseAuth */ = {
			isa = XCSwiftPackageProductDependency;
			package = C3A0350428945DD200E557C4 /* XCRemoteSwiftPackageReference "firebase-ios-sdk" */;
			productName = FirebaseAuth;
		};
		C3A0350728945DD200E557C4 /* FirebaseAuthCombine-Community */ = {
			isa = XCSwiftPackageProductDependency;
			package = C3A0350428945DD200E557C4 /* XCRemoteSwiftPackageReference "firebase-ios-sdk" */;
			productName = "FirebaseAuthCombine-Community";
		};
		C3A0350928945DD200E557C4 /* FirebaseDatabase */ = {
			isa = XCSwiftPackageProductDependency;
			package = C3A0350428945DD200E557C4 /* XCRemoteSwiftPackageReference "firebase-ios-sdk" */;
			productName = FirebaseDatabase;
		};
		C3A0350B28945DD200E557C4 /* FirebaseDatabaseSwift */ = {
			isa = XCSwiftPackageProductDependency;
			package = C3A0350428945DD200E557C4 /* XCRemoteSwiftPackageReference "firebase-ios-sdk" */;
			productName = FirebaseDatabaseSwift;
		};
		C3A0350D28945DD200E557C4 /* FirebaseFirestore */ = {
			isa = XCSwiftPackageProductDependency;
			package = C3A0350428945DD200E557C4 /* XCRemoteSwiftPackageReference "firebase-ios-sdk" */;
			productName = FirebaseFirestore;
		};
		C3A0350F28945DD200E557C4 /* FirebaseFirestoreCombine-Community */ = {
			isa = XCSwiftPackageProductDependency;
			package = C3A0350428945DD200E557C4 /* XCRemoteSwiftPackageReference "firebase-ios-sdk" */;
			productName = "FirebaseFirestoreCombine-Community";
		};
		C3A0351128945DD200E557C4 /* FirebaseFirestoreSwift */ = {
			isa = XCSwiftPackageProductDependency;
			package = C3A0350428945DD200E557C4 /* XCRemoteSwiftPackageReference "firebase-ios-sdk" */;
			productName = FirebaseFirestoreSwift;
		};
		C3A0351328945DD200E557C4 /* FirebaseFunctions */ = {
			isa = XCSwiftPackageProductDependency;
			package = C3A0350428945DD200E557C4 /* XCRemoteSwiftPackageReference "firebase-ios-sdk" */;
			productName = FirebaseFunctions;
		};
		C3A0351528945DD200E557C4 /* FirebaseStorage */ = {
			isa = XCSwiftPackageProductDependency;
			package = C3A0350428945DD200E557C4 /* XCRemoteSwiftPackageReference "firebase-ios-sdk" */;
			productName = FirebaseStorage;
		};
		C3A0351728945DD200E557C4 /* FirebaseStorageCombine-Community */ = {
			isa = XCSwiftPackageProductDependency;
			package = C3A0350428945DD200E557C4 /* XCRemoteSwiftPackageReference "firebase-ios-sdk" */;
			productName = "FirebaseStorageCombine-Community";
		};
/* End XCSwiftPackageProductDependency section */
	};
	rootObject = 2E74017F26B36E37006688B8 /* Project object */;
}
